{
  "requires": true,
  "lockfileVersion": 1,
  "dependencies": {
    "primereact": {
      "version": "1.5.1",
      "resolved": "https://registry.npmjs.org/primereact/-/primereact-1.5.1.tgz",
      "integrity": "sha512-Zi/1LjKlV3iWtwbwKIG5TPct5lZ7inJkgUDROOiyvxnDNMrKZvBfNdMuz3nY57hiReuEXb4R7De0HxtrG0kH4w=="
    }
  }
}
